
Microsoft Visual Studio Solution File, Format Version 12.00
Project("{2150E333-8FDC-42A3-9474-1A3956D46DE8}") = "1 - Application", "1 - Application", "{29843231-506F-4D6F-895E-7586CAB8EBD0}"
EndProject
Project("{2150E333-8FDC-42A3-9474-1A3956D46DE8}") = "2 - Service", "2 - Service", "{5580A669-CBDC-4F5B-90CF-B3E8FD6FD793}"
EndProject
Project("{2150E333-8FDC-42A3-9474-1A3956D46DE8}") = "3 - Domain", "3 - Domain", "{D6AC789A-8F31-47ED-ADB9-412BABF8ED21}"
EndProject
Project("{2150E333-8FDC-42A3-9474-1A3956D46DE8}") = "4 - Infrastructure", "4 - Infrastructure", "{2055F02A-233E-404D-B0F8-DA522CA0BAB9}"
EndProject
Project("{2150E333-8FDC-42A3-9474-1A3956D46DE8}") = "999 - Test", "999 - Test", "{6CB0012D-0657-48B7-A96E-1BBBF0CE6D32}"
EndProject
Project("{FAE04EC0-301F-11D3-BF4B-00C04F79EFBC}") = "Chat.Bot.Application", "Chat.Bot.Application\Chat.Bot.Application.csproj", "{E1E01FD5-F076-4235-B17C-41B69B65DF5C}"
EndProject
Project("{FAE04EC0-301F-11D3-BF4B-00C04F79EFBC}") = "Chat.Bot.Infrastructure", "Chat.Bot.Infrastructure\Chat.Bot.Infrastructure.csproj", "{F5644F21-9D06-47DC-B0F8-793AA708438A}"
EndProject
Project("{FAE04EC0-301F-11D3-BF4B-00C04F79EFBC}") = "Chat.Bot.Domain", "Chat.Bot.Domain\Chat.Bot.Domain.csproj", "{77AFCD60-8D2C-4F54-982A-D6587276CF51}"
EndProject
Project("{FAE04EC0-301F-11D3-BF4B-00C04F79EFBC}") = "Chat.Bot.Service", "Chat.Bot.Service\Chat.Bot.Service.csproj", "{BAA3B7C2-28C2-4855-8885-2A34FC2ECA5A}"
EndProject
Project("{2150E333-8FDC-42A3-9474-1A3956D46DE8}") = "1 - Worker", "1 - Worker", "{EE75F48C-B244-49C7-B402-79A661F4724A}"
EndProject
Project("{FAE04EC0-301F-11D3-BF4B-00C04F79EFBC}") = "Chat.Bot.Worker", "Chat.Bot.Worker\Chat.Bot.Worker.csproj", "{CA8EDBAF-5AF2-4AF6-8C8D-DE26A3064FBB}"
EndProject
Project("{2150E333-8FDC-42A3-9474-1A3956D46DE8}") = "0 - Solution Items", "0 - Solution Items", "{2709F234-42C8-47CC-8B12-9B5806050044}"
	ProjectSection(SolutionItems) = preProject
		rabbitMQ.yml = rabbitMQ.yml
	EndProjectSection
EndProject
Global
	GlobalSection(SolutionConfigurationPlatforms) = preSolution
		Debug|Any CPU = Debug|Any CPU
		Release|Any CPU = Release|Any CPU
	EndGlobalSection
	GlobalSection(NestedProjects) = preSolution
		{E1E01FD5-F076-4235-B17C-41B69B65DF5C} = {29843231-506F-4D6F-895E-7586CAB8EBD0}
		{F5644F21-9D06-47DC-B0F8-793AA708438A} = {2055F02A-233E-404D-B0F8-DA522CA0BAB9}
		{77AFCD60-8D2C-4F54-982A-D6587276CF51} = {D6AC789A-8F31-47ED-ADB9-412BABF8ED21}
		{BAA3B7C2-28C2-4855-8885-2A34FC2ECA5A} = {5580A669-CBDC-4F5B-90CF-B3E8FD6FD793}
		{CA8EDBAF-5AF2-4AF6-8C8D-DE26A3064FBB} = {EE75F48C-B244-49C7-B402-79A661F4724A}
	EndGlobalSection
	GlobalSection(ProjectConfigurationPlatforms) = postSolution
		{E1E01FD5-F076-4235-B17C-41B69B65DF5C}.Debug|Any CPU.ActiveCfg = Debug|Any CPU
		{E1E01FD5-F076-4235-B17C-41B69B65DF5C}.Debug|Any CPU.Build.0 = Debug|Any CPU
		{E1E01FD5-F076-4235-B17C-41B69B65DF5C}.Release|Any CPU.ActiveCfg = Release|Any CPU
		{E1E01FD5-F076-4235-B17C-41B69B65DF5C}.Release|Any CPU.Build.0 = Release|Any CPU
		{F5644F21-9D06-47DC-B0F8-793AA708438A}.Debug|Any CPU.ActiveCfg = Debug|Any CPU
		{F5644F21-9D06-47DC-B0F8-793AA708438A}.Debug|Any CPU.Build.0 = Debug|Any CPU
		{F5644F21-9D06-47DC-B0F8-793AA708438A}.Release|Any CPU.ActiveCfg = Release|Any CPU
		{F5644F21-9D06-47DC-B0F8-793AA708438A}.Release|Any CPU.Build.0 = Release|Any CPU
		{77AFCD60-8D2C-4F54-982A-D6587276CF51}.Debug|Any CPU.ActiveCfg = Debug|Any CPU
		{77AFCD60-8D2C-4F54-982A-D6587276CF51}.Debug|Any CPU.Build.0 = Debug|Any CPU
		{77AFCD60-8D2C-4F54-982A-D6587276CF51}.Release|Any CPU.ActiveCfg = Release|Any CPU
		{77AFCD60-8D2C-4F54-982A-D6587276CF51}.Release|Any CPU.Build.0 = Release|Any CPU
		{BAA3B7C2-28C2-4855-8885-2A34FC2ECA5A}.Debug|Any CPU.ActiveCfg = Debug|Any CPU
		{BAA3B7C2-28C2-4855-8885-2A34FC2ECA5A}.Debug|Any CPU.Build.0 = Debug|Any CPU
		{BAA3B7C2-28C2-4855-8885-2A34FC2ECA5A}.Release|Any CPU.ActiveCfg = Release|Any CPU
		{BAA3B7C2-28C2-4855-8885-2A34FC2ECA5A}.Release|Any CPU.Build.0 = Release|Any CPU
		{CA8EDBAF-5AF2-4AF6-8C8D-DE26A3064FBB}.Debug|Any CPU.ActiveCfg = Debug|Any CPU
		{CA8EDBAF-5AF2-4AF6-8C8D-DE26A3064FBB}.Debug|Any CPU.Build.0 = Debug|Any CPU
		{CA8EDBAF-5AF2-4AF6-8C8D-DE26A3064FBB}.Release|Any CPU.ActiveCfg = Release|Any CPU
		{CA8EDBAF-5AF2-4AF6-8C8D-DE26A3064FBB}.Release|Any CPU.Build.0 = Release|Any CPU
	EndGlobalSection
EndGlobal
